// !$*UTF8*$!
{
	archiveVersion = 1;
	classes = {
	};
	objectVersion = 46;
	objects = {

/* Begin PBXBuildFile section */
		316A6712805AD337F4E4D702 /* Pods_MovieViewer.framework in Frameworks */ = {isa = PBXBuildFile; fileRef = C35FA576732622CE5FB60DB3 /* Pods_MovieViewer.framework */; };
		B16814F01C5CDD3900142B8D /* AppDelegate.swift in Sources */ = {isa = PBXBuildFile; fileRef = B16814EF1C5CDD3900142B8D /* AppDelegate.swift */; };
		B16814F51C5CDD3900142B8D /* Main.storyboard in Resources */ = {isa = PBXBuildFile; fileRef = B16814F31C5CDD3900142B8D /* Main.storyboard */; };
		B16814F71C5CDD3900142B8D /* Assets.xcassets in Resources */ = {isa = PBXBuildFile; fileRef = B16814F61C5CDD3900142B8D /* Assets.xcassets */; };
		B16814FA1C5CDD3900142B8D /* LaunchScreen.storyboard in Resources */ = {isa = PBXBuildFile; fileRef = B16814F81C5CDD3900142B8D /* LaunchScreen.storyboard */; };
		B16815021C5CDE6900142B8D /* MovieViewController.swift in Sources */ = {isa = PBXBuildFile; fileRef = B16815011C5CDE6900142B8D /* MovieViewController.swift */; };
		B16815051C5CFF9200142B8D /* MovieCell.swift in Sources */ = {isa = PBXBuildFile; fileRef = B16815041C5CFF9200142B8D /* MovieCell.swift */; };
/* End PBXBuildFile section */

/* Begin PBXFileReference section */
		9AB47D3EFE063EE60968F5F8 /* Pods-MovieViewer.release.xcconfig */ = {isa = PBXFileReference; includeInIndex = 1; lastKnownFileType = text.xcconfig; name = "Pods-MovieViewer.release.xcconfig"; path = "Pods/Target Support Files/Pods-MovieViewer/Pods-MovieViewer.release.xcconfig"; sourceTree = "<group>"; };
		B16814EC1C5CDD3900142B8D /* MovieViewer.app */ = {isa = PBXFileReference; explicitFileType = wrapper.application; includeInIndex = 0; path = MovieViewer.app; sourceTree = BUILT_PRODUCTS_DIR; };
		B16814EF1C5CDD3900142B8D /* AppDelegate.swift */ = {isa = PBXFileReference; lastKnownFileType = sourcecode.swift; path = AppDelegate.swift; sourceTree = "<group>"; };
		B16814F41C5CDD3900142B8D /* Base */ = {isa = PBXFileReference; lastKnownFileType = file.storyboard; name = Base; path = Base.lproj/Main.storyboard; sourceTree = "<group>"; };
		B16814F61C5CDD3900142B8D /* Assets.xcassets */ = {isa = PBXFileReference; lastKnownFileType = folder.assetcatalog; path = Assets.xcassets; sourceTree = "<group>"; };
		B16814F91C5CDD3900142B8D /* Base */ = {isa = PBXFileReference; lastKnownFileType = file.storyboard; name = Base; path = Base.lproj/LaunchScreen.storyboard; sourceTree = "<group>"; };
		B16814FB1C5CDD3900142B8D /* Info.plist */ = {isa = PBXFileReference; lastKnownFileType = text.plist.xml; path = Info.plist; sourceTree = "<group>"; };
		B16815011C5CDE6900142B8D /* MovieViewController.swift */ = {isa = PBXFileReference; fileEncoding = 4; lastKnownFileType = sourcecode.swift; name = MovieViewController.swift; path = ../MovieViewController.swift; sourceTree = "<group>"; };
		B16815041C5CFF9200142B8D /* MovieCell.swift */ = {isa = PBXFileReference; fileEncoding = 4; lastKnownFileType = sourcecode.swift; path = MovieCell.swift; sourceTree = "<group>"; };
		C35FA576732622CE5FB60DB3 /* Pods_MovieViewer.framework */ = {isa = PBXFileReference; explicitFileType = wrapper.framework; includeInIndex = 0; path = Pods_MovieViewer.framework; sourceTree = BUILT_PRODUCTS_DIR; };
		D03235B0EDB4B2996F66C5D9 /* Pods-MovieViewer.debug.xcconfig */ = {isa = PBXFileReference; includeInIndex = 1; lastKnownFileType = text.xcconfig; name = "Pods-MovieViewer.debug.xcconfig"; path = "Pods/Target Support Files/Pods-MovieViewer/Pods-MovieViewer.debug.xcconfig"; sourceTree = "<group>"; };
/* End PBXFileReference section */

/* Begin PBXFrameworksBuildPhase section */
		B16814E91C5CDD3900142B8D /* Frameworks */ = {
			isa = PBXFrameworksBuildPhase;
			buildActionMask = 2147483647;
			files = (
				316A6712805AD337F4E4D702 /* Pods_MovieViewer.framework in Frameworks */,
			);
			runOnlyForDeploymentPostprocessing = 0;
		};
/* End PBXFrameworksBuildPhase section */

/* Begin PBXGroup section */
		96FDC00F5B2F4FBCC9DC82F0 /* Frameworks */ = {
			isa = PBXGroup;
			children = (
				C35FA576732622CE5FB60DB3 /* Pods_MovieViewer.framework */,
			);
			name = Frameworks;
			sourceTree = "<group>";
		};
		B16814E31C5CDD3900142B8D = {
			isa = PBXGroup;
			children = (
				B16814EE1C5CDD3900142B8D /* MovieViewer */,
				B16814ED1C5CDD3900142B8D /* Products */,
				E776B79DF931C7B89507ED52 /* Pods */,
				96FDC00F5B2F4FBCC9DC82F0 /* Frameworks */,
			);
			sourceTree = "<group>";
		};
		B16814ED1C5CDD3900142B8D /* Products */ = {
			isa = PBXGroup;
			children = (
				B16814EC1C5CDD3900142B8D /* MovieViewer.app */,
			);
			name = Products;
			sourceTree = "<group>";
		};
		B16814EE1C5CDD3900142B8D /* MovieViewer */ = {
			isa = PBXGroup;
			children = (
				B16815061C5CFFAB00142B8D /* View Controller */,
				B16815031C5CFF0200142B8D /* Views */,
				B16814EF1C5CDD3900142B8D /* AppDelegate.swift */,
				B16814F31C5CDD3900142B8D /* Main.storyboard */,
				B16814F61C5CDD3900142B8D /* Assets.xcassets */,
				B16814F81C5CDD3900142B8D /* LaunchScreen.storyboard */,
				B16814FB1C5CDD3900142B8D /* Info.plist */,
			);
			path = MovieViewer;
			sourceTree = "<group>";
		};
		B16815031C5CFF0200142B8D /* Views */ = {
			isa = PBXGroup;
			children = (
				B16815041C5CFF9200142B8D /* MovieCell.swift */,
			);
			name = Views;
			sourceTree = "<group>";
		};
		B16815061C5CFFAB00142B8D /* View Controller */ = {
			isa = PBXGroup;
			children = (
				B16815011C5CDE6900142B8D /* MovieViewController.swift */,
			);
			name = "View Controller";
			sourceTree = "<group>";
		};
		E776B79DF931C7B89507ED52 /* Pods */ = {
			isa = PBXGroup;
			children = (
				D03235B0EDB4B2996F66C5D9 /* Pods-MovieViewer.debug.xcconfig */,
				9AB47D3EFE063EE60968F5F8 /* Pods-MovieViewer.release.xcconfig */,
			);
			name = Pods;
			sourceTree = "<group>";
		};
/* End PBXGroup section */

/* Begin PBXNativeTarget section */
		B16814EB1C5CDD3900142B8D /* MovieViewer */ = {
			isa = PBXNativeTarget;
			buildConfigurationList = B16814FE1C5CDD3900142B8D /* Build configuration list for PBXNativeTarget "MovieViewer" */;
			buildPhases = (
				574D6D06D85AB362FE900875 /* Check Pods Manifest.lock */,
				B16814E81C5CDD3900142B8D /* Sources */,
				B16814E91C5CDD3900142B8D /* Frameworks */,
				B16814EA1C5CDD3900142B8D /* Resources */,
				F7137115C7CB83A824F08CCA /* Embed Pods Frameworks */,
				BB423ECF9C5503857772E2FD /* Copy Pods Resources */,
			);
			buildRules = (
			);
			dependencies = (
			);
			name = MovieViewer;
			productName = MovieViewer;
			productReference = B16814EC1C5CDD3900142B8D /* MovieViewer.app */;
			productType = "com.apple.product-type.application";
		};
/* End PBXNativeTarget section */

/* Begin PBXProject section */
		B16814E41C5CDD3900142B8D /* Project object */ = {
			isa = PBXProject;
			attributes = {
				LastSwiftUpdateCheck = 0720;
				LastUpgradeCheck = 0720;
				ORGANIZATIONNAME = Dan;
				TargetAttributes = {
					B16814EB1C5CDD3900142B8D = {
						CreatedOnToolsVersion = 7.2;
						DevelopmentTeam = KPK2PTLGZ7;
					};
				};
			};
			buildConfigurationList = B16814E71C5CDD3900142B8D /* Build configuration list for PBXProject "MovieViewer" */;
			compatibilityVersion = "Xcode 3.2";
			developmentRegion = English;
			hasScannedForEncodings = 0;
			knownRegions = (
				en,
				Base,
			);
			mainGroup = B16814E31C5CDD3900142B8D;
			productRefGroup = B16814ED1C5CDD3900142B8D /* Products */;
			projectDirPath = "";
			projectRoot = "";
			targets = (
				B16814EB1C5CDD3900142B8D /* MovieViewer */,
			);
		};
/* End PBXProject section */

/* Begin PBXResourcesBuildPhase section */
		B16814EA1C5CDD3900142B8D /* Resources */ = {
			isa = PBXResourcesBuildPhase;
			buildActionMask = 2147483647;
			files = (
				B16814FA1C5CDD3900142B8D /* LaunchScreen.storyboard in Resources */,
				B16814F71C5CDD3900142B8D /* Assets.xcassets in Resources */,
				B16814F51C5CDD3900142B8D /* Main.storyboard in Resources */,
			);
			runOnlyForDeploymentPostprocessing = 0;
		};
/* End PBXResourcesBuildPhase section */

/* Begin PBXShellScriptBuildPhase section */
		574D6D06D85AB362FE900875 /* Check Pods Manifest.lock */ = {
			isa = PBXShellScriptBuildPhase;
			buildActionMask = 2147483647;
			files = (
			);
			inputPaths = (
			);
			name = "Check Pods Manifest.lock";
			outputPaths = (
			);
			runOnlyForDeploymentPostprocessing = 0;
			shellPath = /bin/sh;
			shellScript = "diff \"${PODS_ROOT}/../Podfile.lock\" \"${PODS_ROOT}/Manifest.lock\" > /dev/null\nif [[ $? != 0 ]] ; then\n    cat << EOM\nerror: The sandbox is not in sync with the Podfile.lock. Run 'pod install' or update your CocoaPods installation.\nEOM\n    exit 1\nfi\n";
			showEnvVarsInLog = 0;
		};
		BB423ECF9C5503857772E2FD /* Copy Pods Resources */ = {
			isa = PBXShellScriptBuildPhase;
			buildActionMask = 2147483647;
			files = (
			);
			inputPaths = (
			);
			name = "Copy Pods Resources";
			outputPaths = (
			);
			runOnlyForDeploymentPostprocessing = 0;
			shellPath = /bin/sh;
			shellScript = "\"${SRCROOT}/Pods/Target Support Files/Pods-MovieViewer/Pods-MovieViewer-resources.sh\"\n";
			showEnvVarsInLog = 0;
		};
		F7137115C7CB83A824F08CCA /* Embed Pods Frameworks */ = {
			isa = PBXShellScriptBuildPhase;
			buildActionMask = 2147483647;
			files = (
			);
			inputPaths = (
			);
			name = "Embed Pods Frameworks";
			outputPaths = (
			);
			runOnlyForDeploymentPostprocessing = 0;
			shellPath = /bin/sh;
			shellScript = "\"${SRCROOT}/Pods/Target Support Files/Pods-MovieViewer/Pods-MovieViewer-frameworks.sh\"\n";
			showEnvVarsInLog = 0;
		};
/* End PBXShellScriptBuildPhase section */

/* Begin PBXSourcesBuildPhase section */
		B16814E81C5CDD3900142B8D /* Sources */ = {
			isa = PBXSourcesBuildPhase;
			buildActionMask = 2147483647;
			files = (
				B16814F01C5CDD3900142B8D /* AppDelegate.swift in Sources */,
				B16815021C5CDE6900142B8D /* MovieViewController.swift in Sources */,
				B16815051C5CFF9200142B8D /* MovieCell.swift in Sources */,
			);
			runOnlyForDeploymentPostprocessing = 0;
		};
/* End PBXSourcesBuildPhase section */

/* Begin PBXVariantGroup section */
		B16814F31C5CDD3900142B8D /* Main.storyboard */ = {
			isa = PBXVariantGroup;
			children = (
				B16814F41C5CDD3900142B8D /* Base */,
			);
			name = Main.storyboard;
			sourceTree = "<group>";
		};
		B16814F81C5CDD3900142B8D /* LaunchScreen.storyboard */ = {
			isa = PBXVariantGroup;
			children = (
				B16814F91C5CDD3900142B8D /* Base */,
			);
			name = LaunchScreen.storyboard;
			sourceTree = "<group>";
		};
/* End PBXVariantGroup section */

/* Begin XCBuildConfiguration section */
		B16814FC1C5CDD3900142B8D /* Debug */ = {
			isa = XCBuildConfiguration;
			buildSettings = {
				ALWAYS_SEARCH_USER_PATHS = NO;
				CLANG_CXX_LANGUAGE_STANDARD = "gnu++0x";
				CLANG_CXX_LIBRARY = "libc++";
				CLANG_ENABLE_MODULES = YES;
				CLANG_ENABLE_OBJC_ARC = YES;
				CLANG_WARN_BOOL_CONVERSION = YES;
				CLANG_WARN_CONSTANT_CONVERSION = YES;
				CLANG_WARN_DIRECT_OBJC_ISA_USAGE = YES_ERROR;
				CLANG_WARN_EMPTY_BODY = YES;
				CLANG_WARN_ENUM_CONVERSION = YES;
				CLANG_WARN_INT_CONVERSION = YES;
				CLANG_WARN_OBJC_ROOT_CLASS = YES_ERROR;
				CLANG_WARN_UNREACHABLE_CODE = YES;
				CLANG_WARN__DUPLICATE_METHOD_MATCH = YES;
				"CODE_SIGN_IDENTITY[sdk=iphoneos*]" = "iPhone Developer";
				COPY_PHASE_STRIP = NO;
				DEBUG_INFORMATION_FORMAT = dwarf;
				ENABLE_STRICT_OBJC_MSGSEND = YES;
				ENABLE_TESTABILITY = YES;
				GCC_C_LANGUAGE_STANDARD = gnu99;
				GCC_DYNAMIC_NO_PIC = NO;
				GCC_NO_COMMON_BLOCKS = YES;
				GCC_OPTIMIZATION_LEVEL = 0;
				GCC_PREPROCESSOR_DEFINITIONS = (
					"DEBUG=1",
					"$(inherited)",
				);
				GCC_WARN_64_TO_32_BIT_CONVERSION = YES;
				GCC_WARN_ABOUT_RETURN_TYPE = YES_ERROR;
				GCC_WARN_UNDECLARED_SELECTOR = YES;
				GCC_WARN_UNINITIALIZED_AUTOS = YES_AGGRESSIVE;
				GCC_WARN_UNUSED_FUNCTION = YES;
				GCC_WARN_UNUSED_VARIABLE = YES;
				IPHONEOS_DEPLOYMENT_TARGET = 9.2;
				MTL_ENABLE_DEBUG_INFO = YES;
				ONLY_ACTIVE_ARCH = YES;
				SDKROOT = iphoneos;
				SWIFT_OPTIMIZATION_LEVEL = "-Onone";
				TARGETED_DEVICE_FAMILY = "1,2";
			};
			name = Debug;
		};
		B16814FD1C5CDD3900142B8D /* Release */ = {
			isa = XCBuildConfiguration;
			buildSettings = {
				ALWAYS_SEARCH_USER_PATHS = NO;
				CLANG_CXX_LANGUAGE_STANDARD = "gnu++0x";
				CLANG_CXX_LIBRARY = "libc++";
				CLANG_ENABLE_MODULES = YES;
				CLANG_ENABLE_OBJC_ARC = YES;
				CLANG_WARN_BOOL_CONVERSION = YES;
				CLANG_WARN_CONSTANT_CONVERSION = YES;
				CLANG_WARN_DIRECT_OBJC_ISA_USAGE = YES_ERROR;
				CLANG_WARN_EMPTY_BODY = YES;
				CLANG_WARN_ENUM_CONVERSION = YES;
				CLANG_WARN_INT_CONVERSION = YES;
				CLANG_WARN_OBJC_ROOT_CLASS = YES_ERROR;
				CLANG_WARN_UNREACHABLE_CODE = YES;
				CLANG_WARN__DUPLICATE_METHOD_MATCH = YES;
				"CODE_SIGN_IDENTITY[sdk=iphoneos*]" = "iPhone Developer";
				COPY_PHASE_STRIP = NO;
				DEBUG_INFORMATION_FORMAT = "dwarf-with-dsym";
				ENABLE_NS_ASSERTIONS = NO;
				ENABLE_STRICT_OBJC_MSGSEND = YES;
				GCC_C_LANGUAGE_STANDARD = gnu99;
				GCC_NO_COMMON_BLOCKS = YES;
				GCC_WARN_64_TO_32_BIT_CONVERSION = YES;
				GCC_WARN_ABOUT_RETURN_TYPE = YES_ERROR;
				GCC_WARN_UNDECLARED_SELECTOR = YES;
				GCC_WARN_UNINITIALIZED_AUTOS = YES_AGGRESSIVE;
				GCC_WARN_UNUSED_FUNCTION = YES;
				GCC_WARN_UNUSED_VARIABLE = YES;
				IPHONEOS_DEPLOYMENT_TARGET = 9.2;
				MTL_ENABLE_DEBUG_INFO = NO;
				SDKROOT = iphoneos;
				TARGETED_DEVICE_FAMILY = "1,2";
				VALIDATE_PRODUCT = YES;
			};
			name = Release;
		};
		B16814FF1C5CDD3900142B8D /* Debug */ = {
			isa = XCBuildConfiguration;
			baseConfigurationReference = 9AB47D3EFE063EE60968F5F8 /* Pods-MovieViewer.release.xcconfig */;
			buildSettings = {
				ASSETCATALOG_COMPILER_APPICON_NAME = AppIcon;
				INFOPLIST_FILE = MovieViewer/Info.plist;
				LD_RUNPATH_SEARCH_PATHS = "$(inherited) @executable_path/Frameworks";
				PRODUCT_BUNDLE_IDENTIFIER = DanChoe.MovieViewer;
				PRODUCT_NAME = "$(TARGET_NAME)";
			};
			name = Debug;
		};
		B16815001C5CDD3900142B8D /* Release */ = {
			isa = XCBuildConfiguration;
			baseConfigurationReference = 9AB47D3EFE063EE60968F5F8 /* Pods-MovieViewer.release.xcconfig */;
			buildSettings = {
				ASSETCATALOG_COMPILER_APPICON_NAME = AppIcon;
				INFOPLIST_FILE = MovieViewer/Info.plist;
				LD_RUNPATH_SEARCH_PATHS = "$(inherited) @executable_path/Frameworks";
				PRODUCT_BUNDLE_IDENTIFIER = DanChoe.MovieViewer;
				PRODUCT_NAME = "$(TARGET_NAME)";
			};
			name = Release;
		};
/* End XCBuildConfiguration section */

/* Begin XCConfigurationList section */
		B16814E71C5CDD3900142B8D /* Build configuration list for PBXProject "MovieViewer" */ = {
			isa = XCConfigurationList;
			buildConfigurations = (
				B16814FC1C5CDD3900142B8D /* Debug */,
				B16814FD1C5CDD3900142B8D /* Release */,
			);
			defaultConfigurationIsVisible = 0;
			defaultConfigurationName = Debug;
		};
		B16814FE1C5CDD3900142B8D /* Build configuration list for PBXNativeTarget "MovieViewer" */ = {
			isa = XCConfigurationList;
			buildConfigurations = (
				B16814FF1C5CDD3900142B8D /* Debug */,
				B16815001C5CDD3900142B8D /* Release */,
			);
			defaultConfigurationIsVisible = 0;
			defaultConfigurationName = Debug;
		};
/* End XCConfigurationList section */
	};
	rootObject = B16814E41C5CDD3900142B8D /* Project object */;
}
